
Microsoft Visual Studio Solution File, Format Version 12.00
# Visual Studio Version 17
VisualStudioVersion = 17.3.32819.101
MinimumVisualStudioVersion = 10.0.40219.1
Project("{FAE04EC0-301F-11D3-BF4B-00C04F79EFBC}") = "Ko2", "Ko2\Ko2.csproj", "{D9BF0DEC-EB9C-4567-9465-29F3167814D4}"
EndProject
Global
	GlobalSection(SolutionConfigurationPlatforms) = preSolution
		Debug|Any CPU = Debug|Any CPU
		Release|Any CPU = Release|Any CPU
	EndGlobalSection
	GlobalSection(ProjectConfigurationPlatforms) = postSolution
		{D9BF0DEC-EB9C-4567-9465-29F3167814D4}.Debug|Any CPU.ActiveCfg = Debug|Any CPU
		{D9BF0DEC-EB9C-4567-9465-29F3167814D4}.Debug|Any CPU.Build.0 = Debug|Any CPU
		{D9BF0DEC-EB9C-4567-9465-29F3167814D4}.Release|Any CPU.ActiveCfg = Release|Any CPU
		{D9BF0DEC-EB9C-4567-9465-29F3167814D4}.Release|Any CPU.Build.0 = Release|Any CPU
	EndGlobalSection
	GlobalSection(SolutionProperties) = preSolution
		HideSolutionNode = FALSE
	EndGlobalSection
	GlobalSection(ExtensibilityGlobals) = postSolution
		SolutionGuid = {8C29BE03-013A-4CF9-8754-0645D14FCBED}
	EndGlobalSection
EndGlobal
